{
  "name": "ch17",
  "version": "1.0.0",
  "lockfileVersion": 3,
  "requires": true,
  "packages": {
    "": {
      "name": "ch17",
      "version": "1.0.0",
      "license": "ISC",
      "devDependencies": {
        "eslint": "...",
        "eslint-config-google": "file:...",
        "eslint-config-prettier": "file:...",
        "prettier": "..."
      }
    },
    "...": {
      "dev": true
    },
    "node_modules/eslint": {
      "resolved": "...",
      "link": true
    },
    "node_modules/eslint-config-google": {
      "resolved": "...",
      "link": true
    },
    "node_modules/eslint-config-prettier": {
      "resolved": "...",
      "link": true
    },
    "node_modules/prettier": {
      "resolved": "...",
      "link": true
    }
  }
}
